
Microsoft Visual Studio Solution File, Format Version 12.00
# Visual Studio 15
VisualStudioVersion = 15.0.26124.0
MinimumVisualStudioVersion = 15.0.26124.0
Project("{FAE04EC0-301F-11D3-BF4B-00C04F79EFBC}") = "API", "API\API.csproj", "{89B905D5-08CD-42A6-AAAB-2B3859872F8E}"
EndProject
Project("{FAE04EC0-301F-11D3-BF4B-00C04F79EFBC}") = "Core", "Core\Core.csproj", "{7A0EEA9A-C678-40AF-8409-5188324493C1}"
EndProject
Project("{FAE04EC0-301F-11D3-BF4B-00C04F79EFBC}") = "Infrastructure", "Infrastructure\Infrastructure.csproj", "{69218667-F094-4AD7-92E3-A244BABEC282}"
EndProject
Global
	GlobalSection(SolutionConfigurationPlatforms) = preSolution
		Debug|Any CPU = Debug|Any CPU
		Debug|x64 = Debug|x64
		Debug|x86 = Debug|x86
		Release|Any CPU = Release|Any CPU
		Release|x64 = Release|x64
		Release|x86 = Release|x86
	EndGlobalSection
	GlobalSection(SolutionProperties) = preSolution
		HideSolutionNode = FALSE
	EndGlobalSection
	GlobalSection(ProjectConfigurationPlatforms) = postSolution
		{89B905D5-08CD-42A6-AAAB-2B3859872F8E}.Debug|Any CPU.ActiveCfg = Debug|Any CPU
		{89B905D5-08CD-42A6-AAAB-2B3859872F8E}.Debug|Any CPU.Build.0 = Debug|Any CPU
		{89B905D5-08CD-42A6-AAAB-2B3859872F8E}.Debug|x64.ActiveCfg = Debug|Any CPU
		{89B905D5-08CD-42A6-AAAB-2B3859872F8E}.Debug|x64.Build.0 = Debug|Any CPU
		{89B905D5-08CD-42A6-AAAB-2B3859872F8E}.Debug|x86.ActiveCfg = Debug|Any CPU
		{89B905D5-08CD-42A6-AAAB-2B3859872F8E}.Debug|x86.Build.0 = Debug|Any CPU
		{89B905D5-08CD-42A6-AAAB-2B3859872F8E}.Release|Any CPU.ActiveCfg = Release|Any CPU
		{89B905D5-08CD-42A6-AAAB-2B3859872F8E}.Release|Any CPU.Build.0 = Release|Any CPU
		{89B905D5-08CD-42A6-AAAB-2B3859872F8E}.Release|x64.ActiveCfg = Release|Any CPU
		{89B905D5-08CD-42A6-AAAB-2B3859872F8E}.Release|x64.Build.0 = Release|Any CPU
		{89B905D5-08CD-42A6-AAAB-2B3859872F8E}.Release|x86.ActiveCfg = Release|Any CPU
		{89B905D5-08CD-42A6-AAAB-2B3859872F8E}.Release|x86.Build.0 = Release|Any CPU
		{7A0EEA9A-C678-40AF-8409-5188324493C1}.Debug|Any CPU.ActiveCfg = Debug|Any CPU
		{7A0EEA9A-C678-40AF-8409-5188324493C1}.Debug|Any CPU.Build.0 = Debug|Any CPU
		{7A0EEA9A-C678-40AF-8409-5188324493C1}.Debug|x64.ActiveCfg = Debug|Any CPU
		{7A0EEA9A-C678-40AF-8409-5188324493C1}.Debug|x64.Build.0 = Debug|Any CPU
		{7A0EEA9A-C678-40AF-8409-5188324493C1}.Debug|x86.ActiveCfg = Debug|Any CPU
		{7A0EEA9A-C678-40AF-8409-5188324493C1}.Debug|x86.Build.0 = Debug|Any CPU
		{7A0EEA9A-C678-40AF-8409-5188324493C1}.Release|Any CPU.ActiveCfg = Release|Any CPU
		{7A0EEA9A-C678-40AF-8409-5188324493C1}.Release|Any CPU.Build.0 = Release|Any CPU
		{7A0EEA9A-C678-40AF-8409-5188324493C1}.Release|x64.ActiveCfg = Release|Any CPU
		{7A0EEA9A-C678-40AF-8409-5188324493C1}.Release|x64.Build.0 = Release|Any CPU
		{7A0EEA9A-C678-40AF-8409-5188324493C1}.Release|x86.ActiveCfg = Release|Any CPU
		{7A0EEA9A-C678-40AF-8409-5188324493C1}.Release|x86.Build.0 = Release|Any CPU
		{69218667-F094-4AD7-92E3-A244BABEC282}.Debug|Any CPU.ActiveCfg = Debug|Any CPU
		{69218667-F094-4AD7-92E3-A244BABEC282}.Debug|Any CPU.Build.0 = Debug|Any CPU
		{69218667-F094-4AD7-92E3-A244BABEC282}.Debug|x64.ActiveCfg = Debug|Any CPU
		{69218667-F094-4AD7-92E3-A244BABEC282}.Debug|x64.Build.0 = Debug|Any CPU
		{69218667-F094-4AD7-92E3-A244BABEC282}.Debug|x86.ActiveCfg = Debug|Any CPU
		{69218667-F094-4AD7-92E3-A244BABEC282}.Debug|x86.Build.0 = Debug|Any CPU
		{69218667-F094-4AD7-92E3-A244BABEC282}.Release|Any CPU.ActiveCfg = Release|Any CPU
		{69218667-F094-4AD7-92E3-A244BABEC282}.Release|Any CPU.Build.0 = Release|Any CPU
		{69218667-F094-4AD7-92E3-A244BABEC282}.Release|x64.ActiveCfg = Release|Any CPU
		{69218667-F094-4AD7-92E3-A244BABEC282}.Release|x64.Build.0 = Release|Any CPU
		{69218667-F094-4AD7-92E3-A244BABEC282}.Release|x86.ActiveCfg = Release|Any CPU
		{69218667-F094-4AD7-92E3-A244BABEC282}.Release|x86.Build.0 = Release|Any CPU
	EndGlobalSection
EndGlobal
